
Microsoft Visual Studio Solution File, Format Version 12.00
# Visual Studio 15
VisualStudioVersion = 15.0.28307.757
MinimumVisualStudioVersion = 10.0.40219.1
Project("{FAE04EC0-301F-11D3-BF4B-00C04F79EFBC}") = "Vatas_UI", "Vatas_UI\Vatas_UI.csproj", "{191371CF-50E2-406D-A7D2-CA41FEFB58AC}"
EndProject
Project("{FAE04EC0-301F-11D3-BF4B-00C04F79EFBC}") = "Vatas_Services", "Vatas_Services\Vatas_Services.csproj", "{20BB7F30-9D76-41FA-8122-ED8B1D623604}"
EndProject
Project("{FAE04EC0-301F-11D3-BF4B-00C04F79EFBC}") = "Vatas_BAL", "Vatas_BAL\Vatas_BAL.csproj", "{05544C49-4E7D-42D1-89B0-0BF096D9CF25}"
EndProject
Project("{FAE04EC0-301F-11D3-BF4B-00C04F79EFBC}") = "Vatas_DAL", "Vatas_DAL\Vatas_DAL.csproj", "{B0B069B4-D517-4B69-AA4F-E19063D52ADE}"
EndProject
Project("{FAE04EC0-301F-11D3-BF4B-00C04F79EFBC}") = "Vatas_Common", "Vatas_Common\Vatas_Common.csproj", "{CB390977-9FCD-40E9-87C6-93E9027630DB}"
EndProject
Project("{FAE04EC0-301F-11D3-BF4B-00C04F79EFBC}") = "Vatas_Wrapper", "Vatas_Wrapper\Vatas_Wrapper.csproj", "{6931664C-845D-4E90-BB76-E27848AF1E23}"
EndProject
Project("{FAE04EC0-301F-11D3-BF4B-00C04F79EFBC}") = "Vatas_Admin", "Vatas_Admin\Vatas_Admin.csproj", "{485B243A-A864-4D6A-9D46-148EB35AFBD4}"
EndProject
Project("{2150E333-8FDC-42A3-9474-1A3956D46DE8}") = "DatabaseUpdates", "DatabaseUpdates", "{7F41BECA-792A-42FC-9761-6AD173144D28}"
EndProject
Project("{2150E333-8FDC-42A3-9474-1A3956D46DE8}") = "Procedures", "Procedures", "{E9577DE9-6845-4072-8CC0-6A9DCA248E9F}"
	ProjectSection(SolutionItems) = preProject
		AddUpdateMenu.sql = AddUpdateMenu.sql
		AddUpdateUser.sql = AddUpdateUser.sql
		Dummy Procedure.sql = Dummy Procedure.sql
		GetAllRegisteredUsers.sql = GetAllRegisteredUsers.sql
		GetRegisteredUserByUserId.sql = GetRegisteredUserByUserId.sql
		pr_get_returnDetails.sql = pr_get_returnDetails.sql
		proc_AddMenuToUserMenuByRoleId.sql = proc_AddMenuToUserMenuByRoleId.sql
		proc_AddUpdatePathByPathId.sql = proc_AddUpdatePathByPathId.sql
		proc_AddUpdateProjectByProjectId.sql = proc_AddUpdateProjectByProjectId.sql
		proc_AddUpdateRolesByRoleId.sql = proc_AddUpdateRolesByRoleId.sql
		proc_GetDocumentsByUserID.sql = proc_GetDocumentsByUserID.sql
		proc_GetMenuByRoleId.sql = proc_GetMenuByRoleId.sql
		proc_GetUserRoleByRoleId.sql = proc_GetUserRoleByRoleId.sql
		proc_GetUserRoleByUserId.sql = proc_GetUserRoleByUserId.sql
		proc_Report_GetAllFirmName.sql = proc_Report_GetAllFirmName.sql
		proc_Report_GetReturnsByJobStatus.sql = proc_Report_GetReturnsByJobStatus.sql
		proc_Report_SearchJobsBetweenDatesWithFirmName.sql = proc_Report_SearchJobsBetweenDatesWithFirmName.sql
		proc_SaveAssociateUser.sql = proc_SaveAssociateUser.sql
		proc_SaveDocument.sql = proc_SaveDocument.sql
	EndProjectSection
EndProject
Project("{2150E333-8FDC-42A3-9474-1A3956D46DE8}") = "Queries", "Queries", "{4AC8E38D-DC00-4263-960A-9EEC3AF9F0A2}"
EndProject
Project("{2150E333-8FDC-42A3-9474-1A3956D46DE8}") = "Functions", "Functions", "{A52C648B-17A2-4647-9823-14219F3469A2}"
	ProjectSection(SolutionItems) = preProject
		DelimitedSplit8K.sql = DelimitedSplit8K.sql
	EndProjectSection
EndProject
Global
	GlobalSection(SolutionConfigurationPlatforms) = preSolution
		Debug|Any CPU = Debug|Any CPU
		Release|Any CPU = Release|Any CPU
	EndGlobalSection
	GlobalSection(ProjectConfigurationPlatforms) = postSolution
		{191371CF-50E2-406D-A7D2-CA41FEFB58AC}.Debug|Any CPU.ActiveCfg = Debug|Any CPU
		{191371CF-50E2-406D-A7D2-CA41FEFB58AC}.Debug|Any CPU.Build.0 = Debug|Any CPU
		{191371CF-50E2-406D-A7D2-CA41FEFB58AC}.Release|Any CPU.ActiveCfg = Release|Any CPU
		{191371CF-50E2-406D-A7D2-CA41FEFB58AC}.Release|Any CPU.Build.0 = Release|Any CPU
		{20BB7F30-9D76-41FA-8122-ED8B1D623604}.Debug|Any CPU.ActiveCfg = Debug|Any CPU
		{20BB7F30-9D76-41FA-8122-ED8B1D623604}.Debug|Any CPU.Build.0 = Debug|Any CPU
		{20BB7F30-9D76-41FA-8122-ED8B1D623604}.Release|Any CPU.ActiveCfg = Release|Any CPU
		{20BB7F30-9D76-41FA-8122-ED8B1D623604}.Release|Any CPU.Build.0 = Release|Any CPU
		{05544C49-4E7D-42D1-89B0-0BF096D9CF25}.Debug|Any CPU.ActiveCfg = Debug|Any CPU
		{05544C49-4E7D-42D1-89B0-0BF096D9CF25}.Debug|Any CPU.Build.0 = Debug|Any CPU
		{05544C49-4E7D-42D1-89B0-0BF096D9CF25}.Release|Any CPU.ActiveCfg = Release|Any CPU
		{05544C49-4E7D-42D1-89B0-0BF096D9CF25}.Release|Any CPU.Build.0 = Release|Any CPU
		{B0B069B4-D517-4B69-AA4F-E19063D52ADE}.Debug|Any CPU.ActiveCfg = Debug|Any CPU
		{B0B069B4-D517-4B69-AA4F-E19063D52ADE}.Debug|Any CPU.Build.0 = Debug|Any CPU
		{B0B069B4-D517-4B69-AA4F-E19063D52ADE}.Release|Any CPU.ActiveCfg = Release|Any CPU
		{B0B069B4-D517-4B69-AA4F-E19063D52ADE}.Release|Any CPU.Build.0 = Release|Any CPU
		{CB390977-9FCD-40E9-87C6-93E9027630DB}.Debug|Any CPU.ActiveCfg = Debug|Any CPU
		{CB390977-9FCD-40E9-87C6-93E9027630DB}.Debug|Any CPU.Build.0 = Debug|Any CPU
		{CB390977-9FCD-40E9-87C6-93E9027630DB}.Release|Any CPU.ActiveCfg = Release|Any CPU
		{CB390977-9FCD-40E9-87C6-93E9027630DB}.Release|Any CPU.Build.0 = Release|Any CPU
		{6931664C-845D-4E90-BB76-E27848AF1E23}.Debug|Any CPU.ActiveCfg = Debug|Any CPU
		{6931664C-845D-4E90-BB76-E27848AF1E23}.Debug|Any CPU.Build.0 = Debug|Any CPU
		{6931664C-845D-4E90-BB76-E27848AF1E23}.Release|Any CPU.ActiveCfg = Release|Any CPU
		{6931664C-845D-4E90-BB76-E27848AF1E23}.Release|Any CPU.Build.0 = Release|Any CPU
		{485B243A-A864-4D6A-9D46-148EB35AFBD4}.Debug|Any CPU.ActiveCfg = Debug|Any CPU
		{485B243A-A864-4D6A-9D46-148EB35AFBD4}.Debug|Any CPU.Build.0 = Debug|Any CPU
		{485B243A-A864-4D6A-9D46-148EB35AFBD4}.Release|Any CPU.ActiveCfg = Release|Any CPU
		{485B243A-A864-4D6A-9D46-148EB35AFBD4}.Release|Any CPU.Build.0 = Release|Any CPU
	EndGlobalSection
	GlobalSection(SolutionProperties) = preSolution
		HideSolutionNode = FALSE
	EndGlobalSection
	GlobalSection(NestedProjects) = preSolution
		{E9577DE9-6845-4072-8CC0-6A9DCA248E9F} = {7F41BECA-792A-42FC-9761-6AD173144D28}
		{4AC8E38D-DC00-4263-960A-9EEC3AF9F0A2} = {7F41BECA-792A-42FC-9761-6AD173144D28}
		{A52C648B-17A2-4647-9823-14219F3469A2} = {7F41BECA-792A-42FC-9761-6AD173144D28}
	EndGlobalSection
	GlobalSection(ExtensibilityGlobals) = postSolution
		SolutionGuid = {AC1E39CF-4549-42EA-9C60-B9BB6E7C952F}
	EndGlobalSection
EndGlobal
